
Microsoft Visual Studio Solution File, Format Version 12.00
# Visual Studio 15
VisualStudioVersion = 15.0.28307.645
MinimumVisualStudioVersion = 10.0.40219.1
Project("{FAE04EC0-301F-11D3-BF4B-00C04F79EFBC}") = "Airports", "Airports\Airports.csproj", "{07AF9CA9-96A1-4E7C-A76B-1918061E81E1}"
EndProject
Project("{FAE04EC0-301F-11D3-BF4B-00C04F79EFBC}") = "AirportsTests", "AirportsTests\AirportsTests.csproj", "{86AEDA0D-0069-4714-A316-985C6350BA9C}"
EndProject
Global
	GlobalSection(SolutionConfigurationPlatforms) = preSolution
		Debug|Any CPU = Debug|Any CPU
		Release|Any CPU = Release|Any CPU
	EndGlobalSection
	GlobalSection(ProjectConfigurationPlatforms) = postSolution
		{07AF9CA9-96A1-4E7C-A76B-1918061E81E1}.Debug|Any CPU.ActiveCfg = Debug|Any CPU
		{07AF9CA9-96A1-4E7C-A76B-1918061E81E1}.Debug|Any CPU.Build.0 = Debug|Any CPU
		{07AF9CA9-96A1-4E7C-A76B-1918061E81E1}.Release|Any CPU.ActiveCfg = Release|Any CPU
		{07AF9CA9-96A1-4E7C-A76B-1918061E81E1}.Release|Any CPU.Build.0 = Release|Any CPU
		{86AEDA0D-0069-4714-A316-985C6350BA9C}.Debug|Any CPU.ActiveCfg = Debug|Any CPU
		{86AEDA0D-0069-4714-A316-985C6350BA9C}.Debug|Any CPU.Build.0 = Debug|Any CPU
		{86AEDA0D-0069-4714-A316-985C6350BA9C}.Release|Any CPU.ActiveCfg = Release|Any CPU
		{86AEDA0D-0069-4714-A316-985C6350BA9C}.Release|Any CPU.Build.0 = Release|Any CPU
	EndGlobalSection
	GlobalSection(SolutionProperties) = preSolution
		HideSolutionNode = FALSE
	EndGlobalSection
	GlobalSection(ExtensibilityGlobals) = postSolution
		SolutionGuid = {B13789D3-4FF8-4778-8F40-5B69C784A7E4}
	EndGlobalSection
EndGlobal
